
Microsoft Visual Studio Solution File, Format Version 12.00
# Visual Studio Version 17
VisualStudioVersion = 17.9.34714.143
MinimumVisualStudioVersion = 10.0.40219.1
Project("{FAE04EC0-301F-11D3-BF4B-00C04F79EFBC}") = "ArrayImplementation", "ArrayImplementation\ArrayImplementation.csproj", "{2F3F1A16-C0CA-4D48-82DD-DF56EF32E09D}"
EndProject
Global
	GlobalSection(SolutionConfigurationPlatforms) = preSolution
		Debug|Any CPU = Debug|Any CPU
		Release|Any CPU = Release|Any CPU
	EndGlobalSection
	GlobalSection(ProjectConfigurationPlatforms) = postSolution
		{2F3F1A16-C0CA-4D48-82DD-DF56EF32E09D}.Debug|Any CPU.ActiveCfg = Debug|Any CPU
		{2F3F1A16-C0CA-4D48-82DD-DF56EF32E09D}.Debug|Any CPU.Build.0 = Debug|Any CPU
		{2F3F1A16-C0CA-4D48-82DD-DF56EF32E09D}.Release|Any CPU.ActiveCfg = Release|Any CPU
		{2F3F1A16-C0CA-4D48-82DD-DF56EF32E09D}.Release|Any CPU.Build.0 = Release|Any CPU
	EndGlobalSection
	GlobalSection(SolutionProperties) = preSolution
		HideSolutionNode = FALSE
	EndGlobalSection
	GlobalSection(ExtensibilityGlobals) = postSolution
		SolutionGuid = {E928FE68-B033-41F5-B9F6-4AF2179775E7}
	EndGlobalSection
EndGlobal
